// !$*UTF8*$!
{
	archiveVersion = 1;
	classes = {
	};
	objectVersion = 56;
	objects = {

/* Begin PBXBuildFile section */
		1A0000012C30000000000001 /* QuestionPracticeApp.swift in Sources */ = {isa = PBXBuildFile; fileRef = 1A0000112C30000000000001 /* QuestionPracticeApp.swift */; };
		1A0000022C30000000000001 /* Models.swift in Sources */ = {isa = PBXBuildFile; fileRef = 1A0000122C30000000000001 /* Models.swift */; };
		1A0000032C30000000000001 /* PracticeStore.swift in Sources */ = {isa = PBXBuildFile; fileRef = 1A0000132C30000000000001 /* PracticeStore.swift */; };
		1A0000042C30000000000001 /* ContentView.swift in Sources */ = {isa = PBXBuildFile; fileRef = 1A0000142C30000000000001 /* ContentView.swift */; };
		1A0000052C30000000000001 /* HomeView.swift in Sources */ = {isa = PBXBuildFile; fileRef = 1A0000152C30000000000001 /* HomeView.swift */; };
		1A0000062C30000000000001 /* PracticeView.swift in Sources */ = {isa = PBXBuildFile; fileRef = 1A0000162C30000000000001 /* PracticeView.swift */; };
		1A0000072C30000000000001 /* WrongQuestionsView.swift in Sources */ = {isa = PBXBuildFile; fileRef = 1A0000172C30000000000001 /* WrongQuestionsView.swift */; };
		1A0000332C30000000000001 /* QuestionImporter.swift in Sources */ = {isa = PBXBuildFile; fileRef = 1A0000342C30000000000001 /* QuestionImporter.swift */; };
/* End PBXBuildFile section */

/* Begin PBXFileReference section */
		1A0000082C30000000000001 /* QuestionPracticeApp.app */ = {isa = PBXFileReference; explicitFileType = wrapper.application; includeInIndex = 0; path = QuestionPracticeApp.app; sourceTree = BUILT_PRODUCTS_DIR; };
		1A0000112C30000000000001 /* QuestionPracticeApp.swift */ = {isa = PBXFileReference; lastKnownFileType = sourcecode.swift; path = QuestionPracticeApp.swift; sourceTree = "<group>"; };
		1A0000122C30000000000001 /* Models.swift */ = {isa = PBXFileReference; lastKnownFileType = sourcecode.swift; path = Models.swift; sourceTree = "<group>"; };
		1A0000132C30000000000001 /* PracticeStore.swift */ = {isa = PBXFileReference; lastKnownFileType = sourcecode.swift; path = PracticeStore.swift; sourceTree = "<group>"; };
		1A0000142C30000000000001 /* ContentView.swift */ = {isa = PBXFileReference; lastKnownFileType = sourcecode.swift; path = ContentView.swift; sourceTree = "<group>"; };
		1A0000152C30000000000001 /* HomeView.swift */ = {isa = PBXFileReference; lastKnownFileType = sourcecode.swift; path = HomeView.swift; sourceTree = "<group>"; };
		1A0000162C30000000000001 /* PracticeView.swift */ = {isa = PBXFileReference; lastKnownFileType = sourcecode.swift; path = PracticeView.swift; sourceTree = "<group>"; };
		1A0000172C30000000000001 /* WrongQuestionsView.swift */ = {isa = PBXFileReference; lastKnownFileType = sourcecode.swift; path = WrongQuestionsView.swift; sourceTree = "<group>"; };
		1A0000342C30000000000001 /* QuestionImporter.swift */ = {isa = PBXFileReference; lastKnownFileType = sourcecode.swift; path = QuestionImporter.swift; sourceTree = "<group>"; };
/* End PBXFileReference section */

/* Begin PBXFrameworksBuildPhase section */
		1A0000182C30000000000001 /* Frameworks */ = {
			isa = PBXFrameworksBuildPhase;
			buildActionMask = 2147483647;
			files = (
			);
			runOnlyForDeploymentPostprocessing = 0;
		};
/* End PBXFrameworksBuildPhase section */

/* Begin PBXGroup section */
		1A0000092C30000000000001 = {
			isa = PBXGroup;
			children = (
				1A0000192C30000000000001 /* QuestionPracticeApp */,
				1A0000102C30000000000001 /* Products */,
			);
			sourceTree = "<group>";
		};
		1A0000102C30000000000001 /* Products */ = {
			isa = PBXGroup;
			children = (
				1A0000082C30000000000001 /* QuestionPracticeApp.app */,
			);
			name = Products;
			sourceTree = "<group>";
		};
		1A0000192C30000000000001 /* QuestionPracticeApp */ = {
			isa = PBXGroup;
			children = (
				1A0000112C30000000000001 /* QuestionPracticeApp.swift */,
				1A0000202C30000000000001 /* Models */,
				1A0000212C30000000000001 /* Stores */,
				1A0000352C30000000000001 /* Importers */,
				1A0000222C30000000000001 /* Views */,
			);
			path = QuestionPracticeApp;
			sourceTree = "<group>";
		};
		1A0000202C30000000000001 /* Models */ = {
			isa = PBXGroup;
			children = (
				1A0000122C30000000000001 /* Models.swift */,
			);
			path = Models;
			sourceTree = "<group>";
		};
		1A0000212C30000000000001 /* Stores */ = {
			isa = PBXGroup;
			children = (
				1A0000132C30000000000001 /* PracticeStore.swift */,
			);
			path = Stores;
			sourceTree = "<group>";
		};
		1A0000352C30000000000001 /* Importers */ = {
			isa = PBXGroup;
			children = (
				1A0000342C30000000000001 /* QuestionImporter.swift */,
			);
			path = Importers;
			sourceTree = "<group>";
		};
		1A0000222C30000000000001 /* Views */ = {
			isa = PBXGroup;
			children = (
				1A0000142C30000000000001 /* ContentView.swift */,
				1A0000152C30000000000001 /* HomeView.swift */,
				1A0000162C30000000000001 /* PracticeView.swift */,
				1A0000172C30000000000001 /* WrongQuestionsView.swift */,
			);
			path = Views;
			sourceTree = "<group>";
		};
/* End PBXGroup section */

/* Begin PBXNativeTarget section */
		1A0000232C30000000000001 /* QuestionPracticeApp */ = {
			isa = PBXNativeTarget;
			buildConfigurationList = 1A0000242C30000000000001 /* Build configuration list for PBXNativeTarget "QuestionPracticeApp" */;
			buildPhases = (
				1A0000252C30000000000001 /* Sources */,
				1A0000182C30000000000001 /* Frameworks */,
				1A0000262C30000000000001 /* Resources */,
			);
			buildRules = (
			);
			dependencies = (
			);
			name = QuestionPracticeApp;
			productName = QuestionPracticeApp;
			productReference = 1A0000082C30000000000001 /* QuestionPracticeApp.app */;
			productType = "com.apple.product-type.application";
		};
/* End PBXNativeTarget section */

/* Begin PBXProject section */
		1A0000272C30000000000001 /* Project object */ = {
			isa = PBXProject;
			attributes = {
				BuildIndependentTargetsInParallel = 1;
				LastSwiftUpdateCheck = 1500;
				LastUpgradeCheck = 1500;
				TargetAttributes = {
					1A0000232C30000000000001 = {
						CreatedOnToolsVersion = 15.0;
					};
				};
			};
			buildConfigurationList = 1A0000282C30000000000001 /* Build configuration list for PBXProject "QuestionPracticeApp" */;
			compatibilityVersion = "Xcode 14.0";
			developmentRegion = en;
			hasScannedForEncodings = 0;
			knownRegions = (
				en,
				Base,
			);
			mainGroup = 1A0000092C30000000000001;
			productRefGroup = 1A0000102C30000000000001 /* Products */;
			projectDirPath = "";
			projectRoot = "";
			targets = (
				1A0000232C30000000000001 /* QuestionPracticeApp */,
			);
		};
/* End PBXProject section */

/* Begin PBXResourcesBuildPhase section */
		1A0000262C30000000000001 /* Resources */ = {
			isa = PBXResourcesBuildPhase;
			buildActionMask = 2147483647;
			files = (
			);
			runOnlyForDeploymentPostprocessing = 0;
		};
/* End PBXResourcesBuildPhase section */

/* Begin PBXSourcesBuildPhase section */
		1A0000252C30000000000001 /* Sources */ = {
			isa = PBXSourcesBuildPhase;
			buildActionMask = 2147483647;
			files = (
				1A0000012C30000000000001 /* QuestionPracticeApp.swift in Sources */,
				1A0000022C30000000000001 /* Models.swift in Sources */,
				1A0000032C30000000000001 /* PracticeStore.swift in Sources */,
				1A0000042C30000000000001 /* ContentView.swift in Sources */,
				1A0000052C30000000000001 /* HomeView.swift in Sources */,
				1A0000062C30000000000001 /* PracticeView.swift in Sources */,
				1A0000072C30000000000001 /* WrongQuestionsView.swift in Sources */,
				1A0000332C30000000000001 /* QuestionImporter.swift in Sources */,
			);
			runOnlyForDeploymentPostprocessing = 0;
		};
/* End PBXSourcesBuildPhase section */

/* Begin XCBuildConfiguration section */
		1A0000292C30000000000001 /* Debug */ = {
			isa = XCBuildConfiguration;
			buildSettings = {
				ALWAYS_SEARCH_USER_PATHS = NO;
				CLANG_ANALYZER_NONNULL = YES;
				CLANG_ANALYZER_NUMBER_OBJECT_CONVERSION = YES_AGGRESSIVE;
				CLANG_CXX_LANGUAGE_STANDARD = "gnu++20";
				CLANG_ENABLE_MODULES = YES;
				CLANG_ENABLE_OBJC_ARC = YES;
				CLANG_ENABLE_OBJC_WEAK = YES;
				CLANG_WARN_BLOCK_CAPTURE_AUTORELEASING = YES;
				CLANG_WARN_BOOL_CONVERSION = YES;
				CLANG_WARN_COMMA = YES;
				CLANG_WARN_CONSTANT_CONVERSION = YES;
				CLANG_WARN_DEPRECATED_OBJC_IMPLEMENTATIONS = YES;
				CLANG_WARN_DIRECT_OBJC_ISA_USAGE = YES_ERROR;
				CLANG_WARN_DOCUMENTATION_COMMENTS = YES;
				CLANG_WARN_EMPTY_BODY = YES;
				CLANG_WARN_ENUM_CONVERSION = YES;
				CLANG_WARN_INFINITE_RECURSION = YES;
				CLANG_WARN_INT_CONVERSION = YES;
				CLANG_WARN_NON_LITERAL_NULL_CONVERSION = YES;
				CLANG_WARN_OBJC_IMPLICIT_RETAIN_SELF = YES;
				CLANG_WARN_OBJC_LITERAL_CONVERSION = YES;
				CLANG_WARN_OBJC_ROOT_CLASS = YES_ERROR;
				CLANG_WARN_QUOTED_INCLUDE_IN_FRAMEWORK_HEADER = YES;
				CLANG_WARN_RANGE_LOOP_ANALYSIS = YES;
				CLANG_WARN_STRICT_PROTOTYPES = YES;
				CLANG_WARN_SUSPICIOUS_MOVE = YES;
				CLANG_WARN_UNGUARDED_AVAILABILITY = YES_AGGRESSIVE;
				CLANG_WARN_UNREACHABLE_CODE = YES;
				CLANG_WARN__DUPLICATE_METHOD_MATCH = YES;
				COPY_PHASE_STRIP = NO;
				DEBUG_INFORMATION_FORMAT = dwarf;
				ENABLE_STRICT_OBJC_MSGSEND = YES;
				ENABLE_TESTABILITY = YES;
				ENABLE_USER_SCRIPT_SANDBOXING = YES;
				GCC_C_LANGUAGE_STANDARD = gnu17;
				GCC_DYNAMIC_NO_PIC = NO;
				GCC_NO_COMMON_BLOCKS = YES;
				GCC_OPTIMIZATION_LEVEL = 0;
				GCC_PREPROCESSOR_DEFINITIONS = (
					"DEBUG=1",
					"$(inherited)",
				);
				GCC_WARN_64_TO_32_BIT_CONVERSION = YES;
				GCC_WARN_ABOUT_RETURN_TYPE = YES_ERROR;
				GCC_WARN_UNDECLARED_SELECTOR = YES;
				GCC_WARN_UNINITIALIZED_AUTOS = YES_AGGRESSIVE;
				GCC_WARN_UNUSED_FUNCTION = YES;
				GCC_WARN_UNUSED_VARIABLE = YES;
				IPHONEOS_DEPLOYMENT_TARGET = 17.0;
				MTL_ENABLE_DEBUG_INFO = INCLUDE_SOURCE;
				MTL_FAST_MATH = YES;
				ONLY_ACTIVE_ARCH = YES;
				SDKROOT = iphoneos;
				SWIFT_ACTIVE_COMPILATION_CONDITIONS = DEBUG;
				SWIFT_OPTIMIZATION_LEVEL = "-Onone";
			};
			name = Debug;
		};
		1A0000302C30000000000001 /* Release */ = {
			isa = XCBuildConfiguration;
			buildSettings = {
				ALWAYS_SEARCH_USER_PATHS = NO;
				CLANG_ANALYZER_NONNULL = YES;
				CLANG_ANALYZER_NUMBER_OBJECT_CONVERSION = YES_AGGRESSIVE;
				CLANG_CXX_LANGUAGE_STANDARD = "gnu++20";
				CLANG_ENABLE_MODULES = YES;
				CLANG_ENABLE_OBJC_ARC = YES;
				CLANG_ENABLE_OBJC_WEAK = YES;
				CLANG_WARN_BLOCK_CAPTURE_AUTORELEASING = YES;
				CLANG_WARN_BOOL_CONVERSION = YES;
				CLANG_WARN_COMMA = YES;
				CLANG_WARN_CONSTANT_CONVERSION = YES;
				CLANG_WARN_DEPRECATED_OBJC_IMPLEMENTATIONS = YES;
				CLANG_WARN_DIRECT_OBJC_ISA_USAGE = YES_ERROR;
				CLANG_WARN_DOCUMENTATION_COMMENTS = YES;
				CLANG_WARN_EMPTY_BODY = YES;
				CLANG_WARN_ENUM_CONVERSION = YES;
				CLANG_WARN_INFINITE_RECURSION = YES;
				CLANG_WARN_INT_CONVERSION = YES;
				CLANG_WARN_NON_LITERAL_NULL_CONVERSION = YES;
				CLANG_WARN_OBJC_IMPLICIT_RETAIN_SELF = YES;
				CLANG_WARN_OBJC_LITERAL_CONVERSION = YES;
				CLANG_WARN_OBJC_ROOT_CLASS = YES_ERROR;
				CLANG_WARN_QUOTED_INCLUDE_IN_FRAMEWORK_HEADER = YES;
				CLANG_WARN_RANGE_LOOP_ANALYSIS = YES;
				CLANG_WARN_STRICT_PROTOTYPES = YES;
				CLANG_WARN_SUSPICIOUS_MOVE = YES;
				CLANG_WARN_UNGUARDED_AVAILABILITY = YES_AGGRESSIVE;
				CLANG_WARN_UNREACHABLE_CODE = YES;
				CLANG_WARN__DUPLICATE_METHOD_MATCH = YES;
				COPY_PHASE_STRIP = NO;
				DEBUG_INFORMATION_FORMAT = "dwarf-with-dsym";
				ENABLE_NS_ASSERTIONS = NO;
				ENABLE_STRICT_OBJC_MSGSEND = YES;
				ENABLE_USER_SCRIPT_SANDBOXING = YES;
				GCC_C_LANGUAGE_STANDARD = gnu17;
				GCC_NO_COMMON_BLOCKS = YES;
				GCC_WARN_64_TO_32_BIT_CONVERSION = YES;
				GCC_WARN_ABOUT_RETURN_TYPE = YES_ERROR;
				GCC_WARN_UNDECLARED_SELECTOR = YES;
				GCC_WARN_UNINITIALIZED_AUTOS = YES_AGGRESSIVE;
				GCC_WARN_UNUSED_FUNCTION = YES;
				GCC_WARN_UNUSED_VARIABLE = YES;
				IPHONEOS_DEPLOYMENT_TARGET = 17.0;
				MTL_ENABLE_DEBUG_INFO = NO;
				MTL_FAST_MATH = YES;
				SDKROOT = iphoneos;
				SWIFT_COMPILATION_MODE = wholemodule;
				SWIFT_OPTIMIZATION_LEVEL = "-O";
				VALIDATE_PRODUCT = YES;
			};
			name = Release;
		};
		1A0000312C30000000000001 /* Debug */ = {
			isa = XCBuildConfiguration;
			buildSettings = {
				ASSETCATALOG_COMPILER_APPICON_NAME = AppIcon;
				CODE_SIGN_STYLE = Automatic;
				CURRENT_PROJECT_VERSION = 1;
				DEVELOPMENT_ASSET_PATHS = "";
				DEVELOPMENT_TEAM = "";
				ENABLE_PREVIEWS = YES;
				GENERATE_INFOPLIST_FILE = YES;
				INFOPLIST_KEY_CFBundleDisplayName = "刷题";
				INFOPLIST_KEY_LSApplicationCategoryType = "public.app-category.education";
				INFOPLIST_KEY_UILaunchScreen_Generation = YES;
				INFOPLIST_KEY_UISupportedInterfaceOrientations_iPad = "UIInterfaceOrientationPortrait UIInterfaceOrientationPortraitUpsideDown UIInterfaceOrientationLandscapeLeft UIInterfaceOrientationLandscapeRight";
				INFOPLIST_KEY_UISupportedInterfaceOrientations_iPhone = "UIInterfaceOrientationPortrait";
				MARKETING_VERSION = 1.0;
				PRODUCT_BUNDLE_IDENTIFIER = com.local.QuestionPracticeApp;
				PRODUCT_NAME = "$(TARGET_NAME)";
				SWIFT_EMIT_LOC_STRINGS = YES;
				SWIFT_VERSION = 5.0;
				TARGETED_DEVICE_FAMILY = "1,2";
			};
			name = Debug;
		};
		1A0000322C30000000000001 /* Release */ = {
			isa = XCBuildConfiguration;
			buildSettings = {
				ASSETCATALOG_COMPILER_APPICON_NAME = AppIcon;
				CODE_SIGN_STYLE = Automatic;
				CURRENT_PROJECT_VERSION = 1;
				DEVELOPMENT_ASSET_PATHS = "";
				DEVELOPMENT_TEAM = "";
				ENABLE_PREVIEWS = YES;
				GENERATE_INFOPLIST_FILE = YES;
				INFOPLIST_KEY_CFBundleDisplayName = "刷题";
				INFOPLIST_KEY_LSApplicationCategoryType = "public.app-category.education";
				INFOPLIST_KEY_UILaunchScreen_Generation = YES;
				INFOPLIST_KEY_UISupportedInterfaceOrientations_iPad = "UIInterfaceOrientationPortrait UIInterfaceOrientationPortraitUpsideDown UIInterfaceOrientationLandscapeLeft UIInterfaceOrientationLandscapeRight";
				INFOPLIST_KEY_UISupportedInterfaceOrientations_iPhone = "UIInterfaceOrientationPortrait";
				MARKETING_VERSION = 1.0;
				PRODUCT_BUNDLE_IDENTIFIER = com.local.QuestionPracticeApp;
				PRODUCT_NAME = "$(TARGET_NAME)";
				SWIFT_EMIT_LOC_STRINGS = YES;
				SWIFT_VERSION = 5.0;
				TARGETED_DEVICE_FAMILY = "1,2";
			};
			name = Release;
		};
/* End XCBuildConfiguration section */

/* Begin XCConfigurationList section */
		1A0000282C30000000000001 /* Build configuration list for PBXProject "QuestionPracticeApp" */ = {
			isa = XCConfigurationList;
			buildConfigurations = (
				1A0000292C30000000000001 /* Debug */,
				1A0000302C30000000000001 /* Release */,
			);
			defaultConfigurationIsVisible = 0;
			defaultConfigurationName = Release;
		};
		1A0000242C30000000000001 /* Build configuration list for PBXNativeTarget "QuestionPracticeApp" */ = {
			isa = XCConfigurationList;
			buildConfigurations = (
				1A0000312C30000000000001 /* Debug */,
				1A0000322C30000000000001 /* Release */,
			);
			defaultConfigurationIsVisible = 0;
			defaultConfigurationName = Release;
		};
/* End XCConfigurationList section */
	};
	rootObject = 1A0000272C30000000000001 /* Project object */;
}
